
Microsoft Visual Studio Solution File, Format Version 12.00
# Visual Studio Version 17
VisualStudioVersion = 17.3.32922.545
MinimumVisualStudioVersion = 10.0.40219.1
Project("{9A19103F-16F7-4668-BE54-9A1E7A4F7556}") = "pz_5", "pz_5\pz_5.csproj", "{1060D50D-4F88-4EA7-9244-080B2583766C}"
EndProject
Project("{9A19103F-16F7-4668-BE54-9A1E7A4F7556}") = "pz_6", "pz_6\pz_6.csproj", "{0B32FE9A-B4DD-4CE8-97CF-A31D5721D638}"
EndProject
Project("{9A19103F-16F7-4668-BE54-9A1E7A4F7556}") = "pz_7", "pz_7\pz_7.csproj", "{E6E5F3EF-4CFE-4EBB-9DE1-93813825296A}"
EndProject
Project("{9A19103F-16F7-4668-BE54-9A1E7A4F7556}") = "pz_8", "pz_8\pz_8.csproj", "{F98C6357-D29D-4543-925C-E6CB1A55DC87}"
EndProject
Project("{9A19103F-16F7-4668-BE54-9A1E7A4F7556}") = "pz_9", "pz_9\pz_9.csproj", "{B0711D9F-82BC-48FB-9885-8A5E621F9141}"
EndProject
Project("{9A19103F-16F7-4668-BE54-9A1E7A4F7556}") = "pz_10", "pz_10\pz_10.csproj", "{51FECDDC-0828-4CD9-914C-EE4908F511B9}"
EndProject
Project("{9A19103F-16F7-4668-BE54-9A1E7A4F7556}") = "pz_11", "pz_11\pz_11.csproj", "{3CBAC4E1-1D07-405A-B47A-6301FB0ADCD5}"
EndProject
Project("{9A19103F-16F7-4668-BE54-9A1E7A4F7556}") = "pz_12", "pz_12\pz_12.csproj", "{E3881FDC-E657-4ECF-A69A-365687E1F10F}"
EndProject
Project("{9A19103F-16F7-4668-BE54-9A1E7A4F7556}") = "pz_13", "pz_13\pz_13.csproj", "{8334B7B9-5CA1-43A1-A4E5-BBEC55985386}"
EndProject
Project("{9A19103F-16F7-4668-BE54-9A1E7A4F7556}") = "pz_14", "pz_14\pz_14.csproj", "{CC5238D6-3EE7-4DB8-9952-6F1B2A7102B5}"
EndProject
Project("{9A19103F-16F7-4668-BE54-9A1E7A4F7556}") = "pz_15", "pz_15\pz_15.csproj", "{023803A5-0785-411D-BAC3-77A46CA01143}"
EndProject
Project("{9A19103F-16F7-4668-BE54-9A1E7A4F7556}") = "pz_16", "pz_16\pz_16.csproj", "{086BBB0E-8FF5-454E-A24F-73FBBAD424F2}"
EndProject
Project("{9A19103F-16F7-4668-BE54-9A1E7A4F7556}") = "pz_17", "pz_17\pz_17.csproj", "{8D366E7B-E77B-4400-A65B-E7AA2766C961}"
EndProject
Project("{9A19103F-16F7-4668-BE54-9A1E7A4F7556}") = "pz_18", "pz_18\pz_18.csproj", "{AE496F9C-9B79-42E6-804C-29587D2BB404}"
EndProject
Project("{9A19103F-16F7-4668-BE54-9A1E7A4F7556}") = "pz_19", "pz_19\pz_19.csproj", "{AC9A6C63-2644-4AC5-9B1B-1C7436501365}"
EndProject
Project("{9A19103F-16F7-4668-BE54-9A1E7A4F7556}") = "pz_21", "pz_21\pz_21.csproj", "{0B26D9BD-DCFA-469C-A9B0-C796CCCC9467}"
EndProject
Project("{9A19103F-16F7-4668-BE54-9A1E7A4F7556}") = "pz_22", "pz_22\pz_22.csproj", "{7DA7A5B1-48E7-4A55-961B-B0220F0B3D06}"
EndProject
Project("{9A19103F-16F7-4668-BE54-9A1E7A4F7556}") = "pz_23", "pz_23\pz_23.csproj", "{96DB5C01-C529-4BBE-8777-27951AF15C6C}"
EndProject
Project("{9A19103F-16F7-4668-BE54-9A1E7A4F7556}") = "pz_24", "pz_24\pz_24.csproj", "{021E6DD0-450C-41A4-A692-41E406AB068E}"
EndProject
Project("{FAE04EC0-301F-11D3-BF4B-00C04F79EFBC}") = "pz_25", "pz_25\pz_25.csproj", "{D5F7BC2A-67CC-4538-95A8-9A1AB00D307C}"
EndProject
Global
	GlobalSection(SolutionConfigurationPlatforms) = preSolution
		Debug|Any CPU = Debug|Any CPU
		Release|Any CPU = Release|Any CPU
	EndGlobalSection
	GlobalSection(ProjectConfigurationPlatforms) = postSolution
		{1060D50D-4F88-4EA7-9244-080B2583766C}.Debug|Any CPU.ActiveCfg = Debug|Any CPU
		{1060D50D-4F88-4EA7-9244-080B2583766C}.Debug|Any CPU.Build.0 = Debug|Any CPU
		{1060D50D-4F88-4EA7-9244-080B2583766C}.Release|Any CPU.ActiveCfg = Release|Any CPU
		{1060D50D-4F88-4EA7-9244-080B2583766C}.Release|Any CPU.Build.0 = Release|Any CPU
		{0B32FE9A-B4DD-4CE8-97CF-A31D5721D638}.Debug|Any CPU.ActiveCfg = Debug|Any CPU
		{0B32FE9A-B4DD-4CE8-97CF-A31D5721D638}.Debug|Any CPU.Build.0 = Debug|Any CPU
		{0B32FE9A-B4DD-4CE8-97CF-A31D5721D638}.Release|Any CPU.ActiveCfg = Release|Any CPU
		{0B32FE9A-B4DD-4CE8-97CF-A31D5721D638}.Release|Any CPU.Build.0 = Release|Any CPU
		{E6E5F3EF-4CFE-4EBB-9DE1-93813825296A}.Debug|Any CPU.ActiveCfg = Debug|Any CPU
		{E6E5F3EF-4CFE-4EBB-9DE1-93813825296A}.Debug|Any CPU.Build.0 = Debug|Any CPU
		{E6E5F3EF-4CFE-4EBB-9DE1-93813825296A}.Release|Any CPU.ActiveCfg = Release|Any CPU
		{E6E5F3EF-4CFE-4EBB-9DE1-93813825296A}.Release|Any CPU.Build.0 = Release|Any CPU
		{F98C6357-D29D-4543-925C-E6CB1A55DC87}.Debug|Any CPU.ActiveCfg = Debug|Any CPU
		{F98C6357-D29D-4543-925C-E6CB1A55DC87}.Debug|Any CPU.Build.0 = Debug|Any CPU
		{F98C6357-D29D-4543-925C-E6CB1A55DC87}.Release|Any CPU.ActiveCfg = Release|Any CPU
		{F98C6357-D29D-4543-925C-E6CB1A55DC87}.Release|Any CPU.Build.0 = Release|Any CPU
		{B0711D9F-82BC-48FB-9885-8A5E621F9141}.Debug|Any CPU.ActiveCfg = Debug|Any CPU
		{B0711D9F-82BC-48FB-9885-8A5E621F9141}.Debug|Any CPU.Build.0 = Debug|Any CPU
		{B0711D9F-82BC-48FB-9885-8A5E621F9141}.Release|Any CPU.ActiveCfg = Release|Any CPU
		{B0711D9F-82BC-48FB-9885-8A5E621F9141}.Release|Any CPU.Build.0 = Release|Any CPU
		{51FECDDC-0828-4CD9-914C-EE4908F511B9}.Debug|Any CPU.ActiveCfg = Debug|Any CPU
		{51FECDDC-0828-4CD9-914C-EE4908F511B9}.Debug|Any CPU.Build.0 = Debug|Any CPU
		{51FECDDC-0828-4CD9-914C-EE4908F511B9}.Release|Any CPU.ActiveCfg = Release|Any CPU
		{51FECDDC-0828-4CD9-914C-EE4908F511B9}.Release|Any CPU.Build.0 = Release|Any CPU
		{3CBAC4E1-1D07-405A-B47A-6301FB0ADCD5}.Debug|Any CPU.ActiveCfg = Debug|Any CPU
		{3CBAC4E1-1D07-405A-B47A-6301FB0ADCD5}.Debug|Any CPU.Build.0 = Debug|Any CPU
		{3CBAC4E1-1D07-405A-B47A-6301FB0ADCD5}.Release|Any CPU.ActiveCfg = Release|Any CPU
		{3CBAC4E1-1D07-405A-B47A-6301FB0ADCD5}.Release|Any CPU.Build.0 = Release|Any CPU
		{E3881FDC-E657-4ECF-A69A-365687E1F10F}.Debug|Any CPU.ActiveCfg = Debug|Any CPU
		{E3881FDC-E657-4ECF-A69A-365687E1F10F}.Debug|Any CPU.Build.0 = Debug|Any CPU
		{E3881FDC-E657-4ECF-A69A-365687E1F10F}.Release|Any CPU.ActiveCfg = Release|Any CPU
		{E3881FDC-E657-4ECF-A69A-365687E1F10F}.Release|Any CPU.Build.0 = Release|Any CPU
		{8334B7B9-5CA1-43A1-A4E5-BBEC55985386}.Debug|Any CPU.ActiveCfg = Debug|Any CPU
		{8334B7B9-5CA1-43A1-A4E5-BBEC55985386}.Debug|Any CPU.Build.0 = Debug|Any CPU
		{8334B7B9-5CA1-43A1-A4E5-BBEC55985386}.Release|Any CPU.ActiveCfg = Release|Any CPU
		{8334B7B9-5CA1-43A1-A4E5-BBEC55985386}.Release|Any CPU.Build.0 = Release|Any CPU
		{CC5238D6-3EE7-4DB8-9952-6F1B2A7102B5}.Debug|Any CPU.ActiveCfg = Debug|Any CPU
		{CC5238D6-3EE7-4DB8-9952-6F1B2A7102B5}.Debug|Any CPU.Build.0 = Debug|Any CPU
		{CC5238D6-3EE7-4DB8-9952-6F1B2A7102B5}.Release|Any CPU.ActiveCfg = Release|Any CPU
		{CC5238D6-3EE7-4DB8-9952-6F1B2A7102B5}.Release|Any CPU.Build.0 = Release|Any CPU
		{023803A5-0785-411D-BAC3-77A46CA01143}.Debug|Any CPU.ActiveCfg = Debug|Any CPU
		{023803A5-0785-411D-BAC3-77A46CA01143}.Debug|Any CPU.Build.0 = Debug|Any CPU
		{023803A5-0785-411D-BAC3-77A46CA01143}.Release|Any CPU.ActiveCfg = Release|Any CPU
		{023803A5-0785-411D-BAC3-77A46CA01143}.Release|Any CPU.Build.0 = Release|Any CPU
		{086BBB0E-8FF5-454E-A24F-73FBBAD424F2}.Debug|Any CPU.ActiveCfg = Debug|Any CPU
		{086BBB0E-8FF5-454E-A24F-73FBBAD424F2}.Debug|Any CPU.Build.0 = Debug|Any CPU
		{086BBB0E-8FF5-454E-A24F-73FBBAD424F2}.Release|Any CPU.ActiveCfg = Release|Any CPU
		{086BBB0E-8FF5-454E-A24F-73FBBAD424F2}.Release|Any CPU.Build.0 = Release|Any CPU
		{8D366E7B-E77B-4400-A65B-E7AA2766C961}.Debug|Any CPU.ActiveCfg = Debug|Any CPU
		{8D366E7B-E77B-4400-A65B-E7AA2766C961}.Debug|Any CPU.Build.0 = Debug|Any CPU
		{8D366E7B-E77B-4400-A65B-E7AA2766C961}.Release|Any CPU.ActiveCfg = Release|Any CPU
		{8D366E7B-E77B-4400-A65B-E7AA2766C961}.Release|Any CPU.Build.0 = Release|Any CPU
		{AE496F9C-9B79-42E6-804C-29587D2BB404}.Debug|Any CPU.ActiveCfg = Debug|Any CPU
		{AE496F9C-9B79-42E6-804C-29587D2BB404}.Debug|Any CPU.Build.0 = Debug|Any CPU
		{AE496F9C-9B79-42E6-804C-29587D2BB404}.Release|Any CPU.ActiveCfg = Release|Any CPU
		{AE496F9C-9B79-42E6-804C-29587D2BB404}.Release|Any CPU.Build.0 = Release|Any CPU
		{AC9A6C63-2644-4AC5-9B1B-1C7436501365}.Debug|Any CPU.ActiveCfg = Debug|Any CPU
		{AC9A6C63-2644-4AC5-9B1B-1C7436501365}.Debug|Any CPU.Build.0 = Debug|Any CPU
		{AC9A6C63-2644-4AC5-9B1B-1C7436501365}.Release|Any CPU.ActiveCfg = Release|Any CPU
		{AC9A6C63-2644-4AC5-9B1B-1C7436501365}.Release|Any CPU.Build.0 = Release|Any CPU
		{0B26D9BD-DCFA-469C-A9B0-C796CCCC9467}.Debug|Any CPU.ActiveCfg = Debug|Any CPU
		{0B26D9BD-DCFA-469C-A9B0-C796CCCC9467}.Debug|Any CPU.Build.0 = Debug|Any CPU
		{0B26D9BD-DCFA-469C-A9B0-C796CCCC9467}.Release|Any CPU.ActiveCfg = Release|Any CPU
		{0B26D9BD-DCFA-469C-A9B0-C796CCCC9467}.Release|Any CPU.Build.0 = Release|Any CPU
		{7DA7A5B1-48E7-4A55-961B-B0220F0B3D06}.Debug|Any CPU.ActiveCfg = Debug|Any CPU
		{7DA7A5B1-48E7-4A55-961B-B0220F0B3D06}.Debug|Any CPU.Build.0 = Debug|Any CPU
		{7DA7A5B1-48E7-4A55-961B-B0220F0B3D06}.Release|Any CPU.ActiveCfg = Release|Any CPU
		{7DA7A5B1-48E7-4A55-961B-B0220F0B3D06}.Release|Any CPU.Build.0 = Release|Any CPU
		{96DB5C01-C529-4BBE-8777-27951AF15C6C}.Debug|Any CPU.ActiveCfg = Debug|Any CPU
		{96DB5C01-C529-4BBE-8777-27951AF15C6C}.Debug|Any CPU.Build.0 = Debug|Any CPU
		{96DB5C01-C529-4BBE-8777-27951AF15C6C}.Release|Any CPU.ActiveCfg = Release|Any CPU
		{96DB5C01-C529-4BBE-8777-27951AF15C6C}.Release|Any CPU.Build.0 = Release|Any CPU
		{021E6DD0-450C-41A4-A692-41E406AB068E}.Debug|Any CPU.ActiveCfg = Debug|Any CPU
		{021E6DD0-450C-41A4-A692-41E406AB068E}.Debug|Any CPU.Build.0 = Debug|Any CPU
		{021E6DD0-450C-41A4-A692-41E406AB068E}.Release|Any CPU.ActiveCfg = Release|Any CPU
		{021E6DD0-450C-41A4-A692-41E406AB068E}.Release|Any CPU.Build.0 = Release|Any CPU
		{D5F7BC2A-67CC-4538-95A8-9A1AB00D307C}.Debug|Any CPU.ActiveCfg = Debug|Any CPU
		{D5F7BC2A-67CC-4538-95A8-9A1AB00D307C}.Debug|Any CPU.Build.0 = Debug|Any CPU
		{D5F7BC2A-67CC-4538-95A8-9A1AB00D307C}.Release|Any CPU.ActiveCfg = Release|Any CPU
		{D5F7BC2A-67CC-4538-95A8-9A1AB00D307C}.Release|Any CPU.Build.0 = Release|Any CPU
	EndGlobalSection
	GlobalSection(SolutionProperties) = preSolution
		HideSolutionNode = FALSE
	EndGlobalSection
	GlobalSection(ExtensibilityGlobals) = postSolution
		SolutionGuid = {CDD14665-B7F1-4F4C-9FE1-0E30C1F07044}
	EndGlobalSection
EndGlobal
